
Microsoft Visual Studio Solution File, Format Version 12.00
# Visual Studio 14
VisualStudioVersion = 14.0.23107.0
MinimumVisualStudioVersion = 10.0.40219.1
Project("{2150E333-8FDC-42A3-9474-1A3956D46DE8}") = "src", "src", "{2A89B7D6-4EAB-4CBF-A2FB-13366EA076A0}"
EndProject
Project("{2150E333-8FDC-42A3-9474-1A3956D46DE8}") = "Solution Items", "Solution Items", "{83F36097-4E80-4205-8CE6-9FF162D6418E}"
	ProjectSection(SolutionItems) = preProject
		global.json = global.json
		Prebuild.ps1 = Prebuild.ps1
		profile.publishsettings = profile.publishsettings
		WebEssentials2015-Settings.json = WebEssentials2015-Settings.json
	EndProjectSection
EndProject
Project("{8BB2217D-0F2D-49D1-97BC-3654ED321F3B}") = "jeremydrager", "src\jeremydrager\jeremydrager.xproj", "{0C4CED04-E846-4216-9CE0-F44718833834}"
EndProject
Project("{2150E333-8FDC-42A3-9474-1A3956D46DE8}") = "Scripts", "Scripts", "{7D6FF802-06CB-4F38-9AA8-25FD92A133B8}"
	ProjectSection(SolutionItems) = preProject
		Scripts\PublishAspNet5Website.ps1 = Scripts\PublishAspNet5Website.ps1
	EndProjectSection
EndProject
Global
	GlobalSection(SolutionConfigurationPlatforms) = preSolution
		Debug|Any CPU = Debug|Any CPU
		Release|Any CPU = Release|Any CPU
	EndGlobalSection
	GlobalSection(ProjectConfigurationPlatforms) = postSolution
		{0C4CED04-E846-4216-9CE0-F44718833834}.Debug|Any CPU.ActiveCfg = Debug|Any CPU
		{0C4CED04-E846-4216-9CE0-F44718833834}.Debug|Any CPU.Build.0 = Debug|Any CPU
		{0C4CED04-E846-4216-9CE0-F44718833834}.Release|Any CPU.ActiveCfg = Release|Any CPU
		{0C4CED04-E846-4216-9CE0-F44718833834}.Release|Any CPU.Build.0 = Release|Any CPU
	EndGlobalSection
	GlobalSection(SolutionProperties) = preSolution
		HideSolutionNode = FALSE
	EndGlobalSection
	GlobalSection(NestedProjects) = preSolution
		{0C4CED04-E846-4216-9CE0-F44718833834} = {2A89B7D6-4EAB-4CBF-A2FB-13366EA076A0}
		{7D6FF802-06CB-4F38-9AA8-25FD92A133B8} = {83F36097-4E80-4205-8CE6-9FF162D6418E}
	EndGlobalSection
	GlobalSection(TeamFoundationVersionControl) = preSolution
		SccNumberOfProjects = 2
		SccEnterpriseProvider = {4CA58AB2-18FA-4F8D-95D4-32DDF27D184C}
		SccTeamFoundationServer = https://jeremydrager.visualstudio.com/defaultcollection
		SccLocalPath0 = .
		SccProjectUniqueName1 = src\\jeremydrager\\jeremydrager.xproj
		SccProjectTopLevelParentUniqueName1 = jeremydrager.sln
		SccProjectName1 = src/jeremydrager
		SccLocalPath1 = src\\jeremydrager
	EndGlobalSection
EndGlobal
